
Microsoft Visual Studio Solution File, Format Version 12.00
# Visual Studio Version 16
VisualStudioVersion = 16.0.33027.164
MinimumVisualStudioVersion = 10.0.40219.1
Project("{FAE04EC0-301F-11D3-BF4B-00C04F79EFBC}") = "clinic management system", "clinic management system\clinic management system.csproj", "{6B7F8BB0-EE0F-47B9-8C61-E655E1C5BD27}"
EndProject
Global
	GlobalSection(SolutionConfigurationPlatforms) = preSolution
		Debug|Any CPU = Debug|Any CPU
		Release|Any CPU = Release|Any CPU
	EndGlobalSection
	GlobalSection(ProjectConfigurationPlatforms) = postSolution
		{6B7F8BB0-EE0F-47B9-8C61-E655E1C5BD27}.Debug|Any CPU.ActiveCfg = Debug|Any CPU
		{6B7F8BB0-EE0F-47B9-8C61-E655E1C5BD27}.Debug|Any CPU.Build.0 = Debug|Any CPU
		{6B7F8BB0-EE0F-47B9-8C61-E655E1C5BD27}.Release|Any CPU.ActiveCfg = Release|Any CPU
		{6B7F8BB0-EE0F-47B9-8C61-E655E1C5BD27}.Release|Any CPU.Build.0 = Release|Any CPU
	EndGlobalSection
	GlobalSection(SolutionProperties) = preSolution
		HideSolutionNode = FALSE
	EndGlobalSection
	GlobalSection(ExtensibilityGlobals) = postSolution
		SolutionGuid = {C82E323D-B405-4518-B5B6-478D6DB61E35}
	EndGlobalSection
EndGlobal
